
Microsoft Visual Studio Solution File, Format Version 12.00
# Visual Studio Version 17
VisualStudioVersion = 17.0.32014.148
MinimumVisualStudioVersion = 10.0.40219.1
Project("{9A19103F-16F7-4668-BE54-9A1E7A4F7556}") = "NukiControlCenter", "NukiControlCenter\NukiControlCenter.csproj", "{D3071069-0F87-438C-9670-641F2E5A1909}"
EndProject
Project("{9A19103F-16F7-4668-BE54-9A1E7A4F7556}") = "WebAPI_Testing", "WebAPI_Testing\WebAPI_Testing.csproj", "{E797613C-1446-446C-AAF9-2CF8052FB127}"
EndProject
Project("{FAE04EC0-301F-11D3-BF4B-00C04F79EFBC}") = "Macro", "Macro\Macro.csproj", "{22862997-07D8-4954-9B74-C4C771AA4410}"
EndProject
Global
	GlobalSection(SolutionConfigurationPlatforms) = preSolution
		Debug|Any CPU = Debug|Any CPU
		Release|Any CPU = Release|Any CPU
	EndGlobalSection
	GlobalSection(ProjectConfigurationPlatforms) = postSolution
		{D3071069-0F87-438C-9670-641F2E5A1909}.Debug|Any CPU.ActiveCfg = Debug|Any CPU
		{D3071069-0F87-438C-9670-641F2E5A1909}.Debug|Any CPU.Build.0 = Debug|Any CPU
		{D3071069-0F87-438C-9670-641F2E5A1909}.Release|Any CPU.ActiveCfg = Release|Any CPU
		{D3071069-0F87-438C-9670-641F2E5A1909}.Release|Any CPU.Build.0 = Release|Any CPU
		{E797613C-1446-446C-AAF9-2CF8052FB127}.Debug|Any CPU.ActiveCfg = Debug|Any CPU
		{E797613C-1446-446C-AAF9-2CF8052FB127}.Debug|Any CPU.Build.0 = Debug|Any CPU
		{E797613C-1446-446C-AAF9-2CF8052FB127}.Release|Any CPU.ActiveCfg = Release|Any CPU
		{E797613C-1446-446C-AAF9-2CF8052FB127}.Release|Any CPU.Build.0 = Release|Any CPU
		{22862997-07D8-4954-9B74-C4C771AA4410}.Debug|Any CPU.ActiveCfg = Debug|Any CPU
		{22862997-07D8-4954-9B74-C4C771AA4410}.Debug|Any CPU.Build.0 = Debug|Any CPU
		{22862997-07D8-4954-9B74-C4C771AA4410}.Release|Any CPU.ActiveCfg = Release|Any CPU
		{22862997-07D8-4954-9B74-C4C771AA4410}.Release|Any CPU.Build.0 = Release|Any CPU
	EndGlobalSection
	GlobalSection(SolutionProperties) = preSolution
		HideSolutionNode = FALSE
	EndGlobalSection
	GlobalSection(ExtensibilityGlobals) = postSolution
		SolutionGuid = {436BE8C6-F8B9-48C3-BF80-D0FAF55F7D05}
	EndGlobalSection
EndGlobal
